
Microsoft Visual Studio Solution File, Format Version 12.00
# Visual Studio Version 16
VisualStudioVersion = 16.0.30011.22
MinimumVisualStudioVersion = 10.0.40219.1
Project("{FAE04EC0-301F-11D3-BF4B-00C04F79EFBC}") = "ImageViewer", "ImageViewer.csproj", "{43EEF637-0522-4EF8-BCA9-6F54E60BAE1D}"
EndProject
Global
	GlobalSection(SolutionConfigurationPlatforms) = preSolution
		Debug|Any CPU = Debug|Any CPU
		Release|Any CPU = Release|Any CPU
	EndGlobalSection
	GlobalSection(ProjectConfigurationPlatforms) = postSolution
		{43EEF637-0522-4EF8-BCA9-6F54E60BAE1D}.Debug|Any CPU.ActiveCfg = Debug|Any CPU
		{43EEF637-0522-4EF8-BCA9-6F54E60BAE1D}.Debug|Any CPU.Build.0 = Debug|Any CPU
		{43EEF637-0522-4EF8-BCA9-6F54E60BAE1D}.Release|Any CPU.ActiveCfg = Release|Any CPU
		{43EEF637-0522-4EF8-BCA9-6F54E60BAE1D}.Release|Any CPU.Build.0 = Release|Any CPU
	EndGlobalSection
	GlobalSection(SolutionProperties) = preSolution
		HideSolutionNode = FALSE
	EndGlobalSection
	GlobalSection(ExtensibilityGlobals) = postSolution
		SolutionGuid = {C11322B3-6B16-4ED4-89EB-20DFE72A194B}
	EndGlobalSection
EndGlobal
